
Microsoft Visual Studio Solution File, Format Version 12.00
# Visual Studio Version 17
VisualStudioVersion = 17.13.35828.75 d17.13
MinimumVisualStudioVersion = 10.0.40219.1
Project("{FAE04EC0-301F-11D3-BF4B-00C04F79EFBC}") = "AkaratiChequeScanner", "AkaratiChequeScanner.csproj", "{80842C9C-3C7F-46E4-85FF-61870C2541C1}"
EndProject
Global
	GlobalSection(SolutionConfigurationPlatforms) = preSolution
		Debug|x86 = Debug|x86
		Release|x86 = Release|x86
	EndGlobalSection
	GlobalSection(ProjectConfigurationPlatforms) = postSolution
		{80842C9C-3C7F-46E4-85FF-61870C2541C1}.Debug|x86.ActiveCfg = Debug|x86
		{80842C9C-3C7F-46E4-85FF-61870C2541C1}.Debug|x86.Build.0 = Debug|x86
		{80842C9C-3C7F-46E4-85FF-61870C2541C1}.Release|x86.ActiveCfg = Release|x86
		{80842C9C-3C7F-46E4-85FF-61870C2541C1}.Release|x86.Build.0 = Release|x86
	EndGlobalSection
	GlobalSection(SolutionProperties) = preSolution
		HideSolutionNode = FALSE
	EndGlobalSection
EndGlobal
